
Microsoft Visual Studio Solution File, Format Version 12.00
# Visual Studio Version 16
VisualStudioVersion = 16.0.30002.166
MinimumVisualStudioVersion = 10.0.40219.1
Project("{9092AA53-FB77-4645-B42D-1CCCA6BD08BD}") = "Exercice1.1.4", "Exercice1.1.4.njsproj", "{2C4F3A10-FA06-4967-A560-C31D1829C079}"
EndProject
Global
	GlobalSection(SolutionConfigurationPlatforms) = preSolution
		Debug|Any CPU = Debug|Any CPU
		Release|Any CPU = Release|Any CPU
	EndGlobalSection
	GlobalSection(ProjectConfigurationPlatforms) = postSolution
		{2C4F3A10-FA06-4967-A560-C31D1829C079}.Debug|Any CPU.ActiveCfg = Debug|Any CPU
		{2C4F3A10-FA06-4967-A560-C31D1829C079}.Debug|Any CPU.Build.0 = Debug|Any CPU
		{2C4F3A10-FA06-4967-A560-C31D1829C079}.Release|Any CPU.ActiveCfg = Release|Any CPU
		{2C4F3A10-FA06-4967-A560-C31D1829C079}.Release|Any CPU.Build.0 = Release|Any CPU
	EndGlobalSection
	GlobalSection(SolutionProperties) = preSolution
		HideSolutionNode = FALSE
	EndGlobalSection
	GlobalSection(ExtensibilityGlobals) = postSolution
		SolutionGuid = {21BBF283-FA1E-4ABF-B5F6-60D1856C9AF9}
	EndGlobalSection
EndGlobal
