
Microsoft Visual Studio Solution File, Format Version 12.00
# Visual Studio Version 16
VisualStudioVersion = 16.0.30002.166
MinimumVisualStudioVersion = 10.0.40219.1
Project("{9092AA53-FB77-4645-B42D-1CCCA6BD08BD}") = "Exercice1.1.2", "Exercice1.1.2.njsproj", "{F4186A40-6321-49D8-98B0-213D81C7C28B}"
EndProject
Global
	GlobalSection(SolutionConfigurationPlatforms) = preSolution
		Debug|Any CPU = Debug|Any CPU
		Release|Any CPU = Release|Any CPU
	EndGlobalSection
	GlobalSection(ProjectConfigurationPlatforms) = postSolution
		{F4186A40-6321-49D8-98B0-213D81C7C28B}.Debug|Any CPU.ActiveCfg = Debug|Any CPU
		{F4186A40-6321-49D8-98B0-213D81C7C28B}.Debug|Any CPU.Build.0 = Debug|Any CPU
		{F4186A40-6321-49D8-98B0-213D81C7C28B}.Release|Any CPU.ActiveCfg = Release|Any CPU
		{F4186A40-6321-49D8-98B0-213D81C7C28B}.Release|Any CPU.Build.0 = Release|Any CPU
	EndGlobalSection
	GlobalSection(SolutionProperties) = preSolution
		HideSolutionNode = FALSE
	EndGlobalSection
	GlobalSection(ExtensibilityGlobals) = postSolution
		SolutionGuid = {A25A77A4-73D8-4CC1-88A4-E2D5BF7B8E5E}
	EndGlobalSection
EndGlobal
