
Microsoft Visual Studio Solution File, Format Version 12.00
# Visual Studio Version 16
VisualStudioVersion = 16.0.30002.166
MinimumVisualStudioVersion = 10.0.40219.1
Project("{9092AA53-FB77-4645-B42D-1CCCA6BD08BD}") = "Exercice1.1.1", "Exercice1.1.1.njsproj", "{B6544110-AECF-4A03-B4B7-603B04719EFD}"
EndProject
Global
	GlobalSection(SolutionConfigurationPlatforms) = preSolution
		Debug|Any CPU = Debug|Any CPU
		Release|Any CPU = Release|Any CPU
	EndGlobalSection
	GlobalSection(ProjectConfigurationPlatforms) = postSolution
		{B6544110-AECF-4A03-B4B7-603B04719EFD}.Debug|Any CPU.ActiveCfg = Debug|Any CPU
		{B6544110-AECF-4A03-B4B7-603B04719EFD}.Debug|Any CPU.Build.0 = Debug|Any CPU
		{B6544110-AECF-4A03-B4B7-603B04719EFD}.Release|Any CPU.ActiveCfg = Release|Any CPU
		{B6544110-AECF-4A03-B4B7-603B04719EFD}.Release|Any CPU.Build.0 = Release|Any CPU
	EndGlobalSection
	GlobalSection(SolutionProperties) = preSolution
		HideSolutionNode = FALSE
	EndGlobalSection
	GlobalSection(ExtensibilityGlobals) = postSolution
		SolutionGuid = {A1D461F6-5AFA-47E5-ACBA-ACE500828439}
	EndGlobalSection
EndGlobal
