
Microsoft Visual Studio Solution File, Format Version 12.00
# Visual Studio Version 16
VisualStudioVersion = 16.0.30002.166
MinimumVisualStudioVersion = 10.0.40219.1
Project("{9092AA53-FB77-4645-B42D-1CCCA6BD08BD}") = "Exercice1.1.3", "Exercice1.1.3.njsproj", "{065E7EA6-4931-45EB-BFDE-04B237040CA3}"
EndProject
Global
	GlobalSection(SolutionConfigurationPlatforms) = preSolution
		Debug|Any CPU = Debug|Any CPU
		Release|Any CPU = Release|Any CPU
	EndGlobalSection
	GlobalSection(ProjectConfigurationPlatforms) = postSolution
		{065E7EA6-4931-45EB-BFDE-04B237040CA3}.Debug|Any CPU.ActiveCfg = Debug|Any CPU
		{065E7EA6-4931-45EB-BFDE-04B237040CA3}.Debug|Any CPU.Build.0 = Debug|Any CPU
		{065E7EA6-4931-45EB-BFDE-04B237040CA3}.Release|Any CPU.ActiveCfg = Release|Any CPU
		{065E7EA6-4931-45EB-BFDE-04B237040CA3}.Release|Any CPU.Build.0 = Release|Any CPU
	EndGlobalSection
	GlobalSection(SolutionProperties) = preSolution
		HideSolutionNode = FALSE
	EndGlobalSection
	GlobalSection(ExtensibilityGlobals) = postSolution
		SolutionGuid = {E1B110ED-E616-4EC6-8FA3-7161662B15EB}
	EndGlobalSection
EndGlobal
