
Microsoft Visual Studio Solution File, Format Version 12.00
# Visual Studio Version 16
VisualStudioVersion = 16.0.30002.166
MinimumVisualStudioVersion = 10.0.40219.1
Project("{9092AA53-FB77-4645-B42D-1CCCA6BD08BD}") = "Exercice1.2.8", "Exercice1.2.8.njsproj", "{567A863D-8107-448B-9D78-54EFCB3CDE31}"
EndProject
Global
	GlobalSection(SolutionConfigurationPlatforms) = preSolution
		Debug|Any CPU = Debug|Any CPU
		Release|Any CPU = Release|Any CPU
	EndGlobalSection
	GlobalSection(ProjectConfigurationPlatforms) = postSolution
		{567A863D-8107-448B-9D78-54EFCB3CDE31}.Debug|Any CPU.ActiveCfg = Debug|Any CPU
		{567A863D-8107-448B-9D78-54EFCB3CDE31}.Debug|Any CPU.Build.0 = Debug|Any CPU
		{567A863D-8107-448B-9D78-54EFCB3CDE31}.Release|Any CPU.ActiveCfg = Release|Any CPU
		{567A863D-8107-448B-9D78-54EFCB3CDE31}.Release|Any CPU.Build.0 = Release|Any CPU
	EndGlobalSection
	GlobalSection(SolutionProperties) = preSolution
		HideSolutionNode = FALSE
	EndGlobalSection
	GlobalSection(ExtensibilityGlobals) = postSolution
		SolutionGuid = {8CB44B39-6448-4495-B7CA-C3D68617A8EC}
	EndGlobalSection
EndGlobal
